
Microsoft Visual Studio Solution File, Format Version 12.00
# Visual Studio Version 16
VisualStudioVersion = 16.0.30523.141
MinimumVisualStudioVersion = 10.0.40219.1
Project("{FAE04EC0-301F-11D3-BF4B-00C04F79EFBC}") = "TrollyRoboter", "TrollyRoboter\TrollyRoboter.csproj", "{41898A90-05B1-42B9-AD26-B8C943B2BB2C}"
EndProject
Global
	GlobalSection(SolutionConfigurationPlatforms) = preSolution
		Debug|Any CPU = Debug|Any CPU
		Release|Any CPU = Release|Any CPU
	EndGlobalSection
	GlobalSection(ProjectConfigurationPlatforms) = postSolution
		{41898A90-05B1-42B9-AD26-B8C943B2BB2C}.Debug|Any CPU.ActiveCfg = Debug|Any CPU
		{41898A90-05B1-42B9-AD26-B8C943B2BB2C}.Debug|Any CPU.Build.0 = Debug|Any CPU
		{41898A90-05B1-42B9-AD26-B8C943B2BB2C}.Release|Any CPU.ActiveCfg = Release|Any CPU
		{41898A90-05B1-42B9-AD26-B8C943B2BB2C}.Release|Any CPU.Build.0 = Release|Any CPU
	EndGlobalSection
	GlobalSection(SolutionProperties) = preSolution
		HideSolutionNode = FALSE
	EndGlobalSection
	GlobalSection(ExtensibilityGlobals) = postSolution
		SolutionGuid = {6CD6A794-1A3B-4787-8E77-3AB7B8E5A469}
	EndGlobalSection
EndGlobal
